// !$*UTF8*$!
{
	archiveVersion = 1;
	classes = {
	};
	objectVersion = 56;
	objects = {

/* Begin PBXBuildFile section */
		45808E0E2B8B75CC0074539E /* FinishView.swift in Sources */ = {isa = PBXBuildFile; fileRef = 45808E0D2B8B75CC0074539E /* FinishView.swift */; };
		45808E102B8B77F30074539E /* Model.swift in Sources */ = {isa = PBXBuildFile; fileRef = 45808E0F2B8B77F30074539E /* Model.swift */; };
		45808E122B8B78200074539E /* extensions.swift in Sources */ = {isa = PBXBuildFile; fileRef = 45808E112B8B78200074539E /* extensions.swift */; };
		45808E142B8B78390074539E /* util.swift in Sources */ = {isa = PBXBuildFile; fileRef = 45808E132B8B78390074539E /* util.swift */; };
		45C137582B8A83EA0006C11F /* quizApp.swift in Sources */ = {isa = PBXBuildFile; fileRef = 45C137572B8A83EA0006C11F /* quizApp.swift */; };
		45C1375A2B8A83EA0006C11F /* ContentView.swift in Sources */ = {isa = PBXBuildFile; fileRef = 45C137592B8A83EA0006C11F /* ContentView.swift */; };
		45C1375C2B8A83EB0006C11F /* Assets.xcassets in Resources */ = {isa = PBXBuildFile; fileRef = 45C1375B2B8A83EB0006C11F /* Assets.xcassets */; };
		45C1375F2B8A83EB0006C11F /* Preview Assets.xcassets in Resources */ = {isa = PBXBuildFile; fileRef = 45C1375E2B8A83EB0006C11F /* Preview Assets.xcassets */; };
		45C137692B8A83EB0006C11F /* quizTests.swift in Sources */ = {isa = PBXBuildFile; fileRef = 45C137682B8A83EB0006C11F /* quizTests.swift */; };
		45C137732B8A83EB0006C11F /* quizUITests.swift in Sources */ = {isa = PBXBuildFile; fileRef = 45C137722B8A83EB0006C11F /* quizUITests.swift */; };
		45C137752B8A83EB0006C11F /* quizUITestsLaunchTests.swift in Sources */ = {isa = PBXBuildFile; fileRef = 45C137742B8A83EB0006C11F /* quizUITestsLaunchTests.swift */; };
/* End PBXBuildFile section */

/* Begin PBXContainerItemProxy section */
		45C137652B8A83EB0006C11F /* PBXContainerItemProxy */ = {
			isa = PBXContainerItemProxy;
			containerPortal = 45C1374C2B8A83EA0006C11F /* Project object */;
			proxyType = 1;
			remoteGlobalIDString = 45C137532B8A83EA0006C11F;
			remoteInfo = quiz;
		};
		45C1376F2B8A83EB0006C11F /* PBXContainerItemProxy */ = {
			isa = PBXContainerItemProxy;
			containerPortal = 45C1374C2B8A83EA0006C11F /* Project object */;
			proxyType = 1;
			remoteGlobalIDString = 45C137532B8A83EA0006C11F;
			remoteInfo = quiz;
		};
/* End PBXContainerItemProxy section */

/* Begin PBXFileReference section */
		45808E0D2B8B75CC0074539E /* FinishView.swift */ = {isa = PBXFileReference; lastKnownFileType = sourcecode.swift; path = FinishView.swift; sourceTree = "<group>"; };
		45808E0F2B8B77F30074539E /* Model.swift */ = {isa = PBXFileReference; lastKnownFileType = sourcecode.swift; path = Model.swift; sourceTree = "<group>"; };
		45808E112B8B78200074539E /* extensions.swift */ = {isa = PBXFileReference; lastKnownFileType = sourcecode.swift; path = extensions.swift; sourceTree = "<group>"; };
		45808E132B8B78390074539E /* util.swift */ = {isa = PBXFileReference; lastKnownFileType = sourcecode.swift; path = util.swift; sourceTree = "<group>"; };
		45C137542B8A83EA0006C11F /* quiz.app */ = {isa = PBXFileReference; explicitFileType = wrapper.application; includeInIndex = 0; path = quiz.app; sourceTree = BUILT_PRODUCTS_DIR; };
		45C137572B8A83EA0006C11F /* quizApp.swift */ = {isa = PBXFileReference; lastKnownFileType = sourcecode.swift; path = quizApp.swift; sourceTree = "<group>"; };
		45C137592B8A83EA0006C11F /* ContentView.swift */ = {isa = PBXFileReference; lastKnownFileType = sourcecode.swift; path = ContentView.swift; sourceTree = "<group>"; };
		45C1375B2B8A83EB0006C11F /* Assets.xcassets */ = {isa = PBXFileReference; lastKnownFileType = folder.assetcatalog; path = Assets.xcassets; sourceTree = "<group>"; };
		45C1375E2B8A83EB0006C11F /* Preview Assets.xcassets */ = {isa = PBXFileReference; lastKnownFileType = folder.assetcatalog; path = "Preview Assets.xcassets"; sourceTree = "<group>"; };
		45C137642B8A83EB0006C11F /* quizTests.xctest */ = {isa = PBXFileReference; explicitFileType = wrapper.cfbundle; includeInIndex = 0; path = quizTests.xctest; sourceTree = BUILT_PRODUCTS_DIR; };
		45C137682B8A83EB0006C11F /* quizTests.swift */ = {isa = PBXFileReference; lastKnownFileType = sourcecode.swift; path = quizTests.swift; sourceTree = "<group>"; };
		45C1376E2B8A83EB0006C11F /* quizUITests.xctest */ = {isa = PBXFileReference; explicitFileType = wrapper.cfbundle; includeInIndex = 0; path = quizUITests.xctest; sourceTree = BUILT_PRODUCTS_DIR; };
		45C137722B8A83EB0006C11F /* quizUITests.swift */ = {isa = PBXFileReference; lastKnownFileType = sourcecode.swift; path = quizUITests.swift; sourceTree = "<group>"; };
		45C137742B8A83EB0006C11F /* quizUITestsLaunchTests.swift */ = {isa = PBXFileReference; lastKnownFileType = sourcecode.swift; path = quizUITestsLaunchTests.swift; sourceTree = "<group>"; };
/* End PBXFileReference section */

/* Begin PBXFrameworksBuildPhase section */
		45C137512B8A83EA0006C11F /* Frameworks */ = {
			isa = PBXFrameworksBuildPhase;
			buildActionMask = 2147483647;
			files = (
			);
			runOnlyForDeploymentPostprocessing = 0;
		};
		45C137612B8A83EB0006C11F /* Frameworks */ = {
			isa = PBXFrameworksBuildPhase;
			buildActionMask = 2147483647;
			files = (
			);
			runOnlyForDeploymentPostprocessing = 0;
		};
		45C1376B2B8A83EB0006C11F /* Frameworks */ = {
			isa = PBXFrameworksBuildPhase;
			buildActionMask = 2147483647;
			files = (
			);
			runOnlyForDeploymentPostprocessing = 0;
		};
/* End PBXFrameworksBuildPhase section */

/* Begin PBXGroup section */
		45C1374B2B8A83EA0006C11F = {
			isa = PBXGroup;
			children = (
				45C137562B8A83EA0006C11F /* quiz */,
				45C137672B8A83EB0006C11F /* quizTests */,
				45C137712B8A83EB0006C11F /* quizUITests */,
				45C137552B8A83EA0006C11F /* Products */,
			);
			sourceTree = "<group>";
		};
		45C137552B8A83EA0006C11F /* Products */ = {
			isa = PBXGroup;
			children = (
				45C137542B8A83EA0006C11F /* quiz.app */,
				45C137642B8A83EB0006C11F /* quizTests.xctest */,
				45C1376E2B8A83EB0006C11F /* quizUITests.xctest */,
			);
			name = Products;
			sourceTree = "<group>";
		};
		45C137562B8A83EA0006C11F /* quiz */ = {
			isa = PBXGroup;
			children = (
				45C137572B8A83EA0006C11F /* quizApp.swift */,
				45C137592B8A83EA0006C11F /* ContentView.swift */,
				45C1375B2B8A83EB0006C11F /* Assets.xcassets */,
				45C1375D2B8A83EB0006C11F /* Preview Content */,
				45808E0D2B8B75CC0074539E /* FinishView.swift */,
				45808E0F2B8B77F30074539E /* Model.swift */,
				45808E112B8B78200074539E /* extensions.swift */,
				45808E132B8B78390074539E /* util.swift */,
			);
			path = quiz;
			sourceTree = "<group>";
		};
		45C1375D2B8A83EB0006C11F /* Preview Content */ = {
			isa = PBXGroup;
			children = (
				45C1375E2B8A83EB0006C11F /* Preview Assets.xcassets */,
			);
			path = "Preview Content";
			sourceTree = "<group>";
		};
		45C137672B8A83EB0006C11F /* quizTests */ = {
			isa = PBXGroup;
			children = (
				45C137682B8A83EB0006C11F /* quizTests.swift */,
			);
			path = quizTests;
			sourceTree = "<group>";
		};
		45C137712B8A83EB0006C11F /* quizUITests */ = {
			isa = PBXGroup;
			children = (
				45C137722B8A83EB0006C11F /* quizUITests.swift */,
				45C137742B8A83EB0006C11F /* quizUITestsLaunchTests.swift */,
			);
			path = quizUITests;
			sourceTree = "<group>";
		};
/* End PBXGroup section */

/* Begin PBXNativeTarget section */
		45C137532B8A83EA0006C11F /* quiz */ = {
			isa = PBXNativeTarget;
			buildConfigurationList = 45C137782B8A83EB0006C11F /* Build configuration list for PBXNativeTarget "quiz" */;
			buildPhases = (
				45C137502B8A83EA0006C11F /* Sources */,
				45C137512B8A83EA0006C11F /* Frameworks */,
				45C137522B8A83EA0006C11F /* Resources */,
			);
			buildRules = (
			);
			dependencies = (
			);
			name = quiz;
			productName = quiz;
			productReference = 45C137542B8A83EA0006C11F /* quiz.app */;
			productType = "com.apple.product-type.application";
		};
		45C137632B8A83EB0006C11F /* quizTests */ = {
			isa = PBXNativeTarget;
			buildConfigurationList = 45C1377B2B8A83EB0006C11F /* Build configuration list for PBXNativeTarget "quizTests" */;
			buildPhases = (
				45C137602B8A83EB0006C11F /* Sources */,
				45C137612B8A83EB0006C11F /* Frameworks */,
				45C137622B8A83EB0006C11F /* Resources */,
			);
			buildRules = (
			);
			dependencies = (
				45C137662B8A83EB0006C11F /* PBXTargetDependency */,
			);
			name = quizTests;
			productName = quizTests;
			productReference = 45C137642B8A83EB0006C11F /* quizTests.xctest */;
			productType = "com.apple.product-type.bundle.unit-test";
		};
		45C1376D2B8A83EB0006C11F /* quizUITests */ = {
			isa = PBXNativeTarget;
			buildConfigurationList = 45C1377E2B8A83EB0006C11F /* Build configuration list for PBXNativeTarget "quizUITests" */;
			buildPhases = (
				45C1376A2B8A83EB0006C11F /* Sources */,
				45C1376B2B8A83EB0006C11F /* Frameworks */,
				45C1376C2B8A83EB0006C11F /* Resources */,
			);
			buildRules = (
			);
			dependencies = (
				45C137702B8A83EB0006C11F /* PBXTargetDependency */,
			);
			name = quizUITests;
			productName = quizUITests;
			productReference = 45C1376E2B8A83EB0006C11F /* quizUITests.xctest */;
			productType = "com.apple.product-type.bundle.ui-testing";
		};
/* End PBXNativeTarget section */

/* Begin PBXProject section */
		45C1374C2B8A83EA0006C11F /* Project object */ = {
			isa = PBXProject;
			attributes = {
				BuildIndependentTargetsInParallel = 1;
				LastSwiftUpdateCheck = 1500;
				LastUpgradeCheck = 1500;
				TargetAttributes = {
					45C137532B8A83EA0006C11F = {
						CreatedOnToolsVersion = 15.0.1;
					};
					45C137632B8A83EB0006C11F = {
						CreatedOnToolsVersion = 15.0.1;
						TestTargetID = 45C137532B8A83EA0006C11F;
					};
					45C1376D2B8A83EB0006C11F = {
						CreatedOnToolsVersion = 15.0.1;
						TestTargetID = 45C137532B8A83EA0006C11F;
					};
				};
			};
			buildConfigurationList = 45C1374F2B8A83EA0006C11F /* Build configuration list for PBXProject "quiz" */;
			compatibilityVersion = "Xcode 14.0";
			developmentRegion = en;
			hasScannedForEncodings = 0;
			knownRegions = (
				en,
				Base,
			);
			mainGroup = 45C1374B2B8A83EA0006C11F;
			productRefGroup = 45C137552B8A83EA0006C11F /* Products */;
			projectDirPath = "";
			projectRoot = "";
			targets = (
				45C137532B8A83EA0006C11F /* quiz */,
				45C137632B8A83EB0006C11F /* quizTests */,
				45C1376D2B8A83EB0006C11F /* quizUITests */,
			);
		};
/* End PBXProject section */

/* Begin PBXResourcesBuildPhase section */
		45C137522B8A83EA0006C11F /* Resources */ = {
			isa = PBXResourcesBuildPhase;
			buildActionMask = 2147483647;
			files = (
				45C1375F2B8A83EB0006C11F /* Preview Assets.xcassets in Resources */,
				45C1375C2B8A83EB0006C11F /* Assets.xcassets in Resources */,
			);
			runOnlyForDeploymentPostprocessing = 0;
		};
		45C137622B8A83EB0006C11F /* Resources */ = {
			isa = PBXResourcesBuildPhase;
			buildActionMask = 2147483647;
			files = (
			);
			runOnlyForDeploymentPostprocessing = 0;
		};
		45C1376C2B8A83EB0006C11F /* Resources */ = {
			isa = PBXResourcesBuildPhase;
			buildActionMask = 2147483647;
			files = (
			);
			runOnlyForDeploymentPostprocessing = 0;
		};
/* End PBXResourcesBuildPhase section */

/* Begin PBXSourcesBuildPhase section */
		45C137502B8A83EA0006C11F /* Sources */ = {
			isa = PBXSourcesBuildPhase;
			buildActionMask = 2147483647;
			files = (
				45808E122B8B78200074539E /* extensions.swift in Sources */,
				45C1375A2B8A83EA0006C11F /* ContentView.swift in Sources */,
				45C137582B8A83EA0006C11F /* quizApp.swift in Sources */,
				45808E142B8B78390074539E /* util.swift in Sources */,
				45808E0E2B8B75CC0074539E /* FinishView.swift in Sources */,
				45808E102B8B77F30074539E /* Model.swift in Sources */,
			);
			runOnlyForDeploymentPostprocessing = 0;
		};
		45C137602B8A83EB0006C11F /* Sources */ = {
			isa = PBXSourcesBuildPhase;
			buildActionMask = 2147483647;
			files = (
				45C137692B8A83EB0006C11F /* quizTests.swift in Sources */,
			);
			runOnlyForDeploymentPostprocessing = 0;
		};
		45C1376A2B8A83EB0006C11F /* Sources */ = {
			isa = PBXSourcesBuildPhase;
			buildActionMask = 2147483647;
			files = (
				45C137732B8A83EB0006C11F /* quizUITests.swift in Sources */,
				45C137752B8A83EB0006C11F /* quizUITestsLaunchTests.swift in Sources */,
			);
			runOnlyForDeploymentPostprocessing = 0;
		};
/* End PBXSourcesBuildPhase section */

/* Begin PBXTargetDependency section */
		45C137662B8A83EB0006C11F /* PBXTargetDependency */ = {
			isa = PBXTargetDependency;
			target = 45C137532B8A83EA0006C11F /* quiz */;
			targetProxy = 45C137652B8A83EB0006C11F /* PBXContainerItemProxy */;
		};
		45C137702B8A83EB0006C11F /* PBXTargetDependency */ = {
			isa = PBXTargetDependency;
			target = 45C137532B8A83EA0006C11F /* quiz */;
			targetProxy = 45C1376F2B8A83EB0006C11F /* PBXContainerItemProxy */;
		};
/* End PBXTargetDependency section */

/* Begin XCBuildConfiguration section */
		45C137762B8A83EB0006C11F /* Debug */ = {
			isa = XCBuildConfiguration;
			buildSettings = {
				ALWAYS_SEARCH_USER_PATHS = NO;
				ASSETCATALOG_COMPILER_GENERATE_SWIFT_ASSET_SYMBOL_EXTENSIONS = YES;
				CLANG_ANALYZER_NONNULL = YES;
				CLANG_ANALYZER_NUMBER_OBJECT_CONVERSION = YES_AGGRESSIVE;
				CLANG_CXX_LANGUAGE_STANDARD = "gnu++20";
				CLANG_ENABLE_MODULES = YES;
				CLANG_ENABLE_OBJC_ARC = YES;
				CLANG_ENABLE_OBJC_WEAK = YES;
				CLANG_WARN_BLOCK_CAPTURE_AUTORELEASING = YES;
				CLANG_WARN_BOOL_CONVERSION = YES;
				CLANG_WARN_COMMA = YES;
				CLANG_WARN_CONSTANT_CONVERSION = YES;
				CLANG_WARN_DEPRECATED_OBJC_IMPLEMENTATIONS = YES;
				CLANG_WARN_DIRECT_OBJC_ISA_USAGE = YES_ERROR;
				CLANG_WARN_DOCUMENTATION_COMMENTS = YES;
				CLANG_WARN_EMPTY_BODY = YES;
				CLANG_WARN_ENUM_CONVERSION = YES;
				CLANG_WARN_INFINITE_RECURSION = YES;
				CLANG_WARN_INT_CONVERSION = YES;
				CLANG_WARN_NON_LITERAL_NULL_CONVERSION = YES;
				CLANG_WARN_OBJC_IMPLICIT_RETAIN_SELF = YES;
				CLANG_WARN_OBJC_LITERAL_CONVERSION = YES;
				CLANG_WARN_OBJC_ROOT_CLASS = YES_ERROR;
				CLANG_WARN_QUOTED_INCLUDE_IN_FRAMEWORK_HEADER = YES;
				CLANG_WARN_RANGE_LOOP_ANALYSIS = YES;
				CLANG_WARN_STRICT_PROTOTYPES = YES;
				CLANG_WARN_SUSPICIOUS_MOVE = YES;
				CLANG_WARN_UNGUARDED_AVAILABILITY = YES_AGGRESSIVE;
				CLANG_WARN_UNREACHABLE_CODE = YES;
				CLANG_WARN__DUPLICATE_METHOD_MATCH = YES;
				COPY_PHASE_STRIP = NO;
				DEBUG_INFORMATION_FORMAT = dwarf;
				ENABLE_STRICT_OBJC_MSGSEND = YES;
				ENABLE_TESTABILITY = YES;
				ENABLE_USER_SCRIPT_SANDBOXING = YES;
				GCC_C_LANGUAGE_STANDARD = gnu17;
				GCC_DYNAMIC_NO_PIC = NO;
				GCC_NO_COMMON_BLOCKS = YES;
				GCC_OPTIMIZATION_LEVEL = 0;
				GCC_PREPROCESSOR_DEFINITIONS = (
					"DEBUG=1",
					"$(inherited)",
				);
				GCC_WARN_64_TO_32_BIT_CONVERSION = YES;
				GCC_WARN_ABOUT_RETURN_TYPE = YES_ERROR;
				GCC_WARN_UNDECLARED_SELECTOR = YES;
				GCC_WARN_UNINITIALIZED_AUTOS = YES_AGGRESSIVE;
				GCC_WARN_UNUSED_FUNCTION = YES;
				GCC_WARN_UNUSED_VARIABLE = YES;
				IPHONEOS_DEPLOYMENT_TARGET = 17.0;
				LOCALIZATION_PREFERS_STRING_CATALOGS = YES;
				MTL_ENABLE_DEBUG_INFO = INCLUDE_SOURCE;
				MTL_FAST_MATH = YES;
				ONLY_ACTIVE_ARCH = YES;
				SDKROOT = iphoneos;
				SWIFT_ACTIVE_COMPILATION_CONDITIONS = "DEBUG $(inherited)";
				SWIFT_OPTIMIZATION_LEVEL = "-Onone";
			};
			name = Debug;
		};
		45C137772B8A83EB0006C11F /* Release */ = {
			isa = XCBuildConfiguration;
			buildSettings = {
				ALWAYS_SEARCH_USER_PATHS = NO;
				ASSETCATALOG_COMPILER_GENERATE_SWIFT_ASSET_SYMBOL_EXTENSIONS = YES;
				CLANG_ANALYZER_NONNULL = YES;
				CLANG_ANALYZER_NUMBER_OBJECT_CONVERSION = YES_AGGRESSIVE;
				CLANG_CXX_LANGUAGE_STANDARD = "gnu++20";
				CLANG_ENABLE_MODULES = YES;
				CLANG_ENABLE_OBJC_ARC = YES;
				CLANG_ENABLE_OBJC_WEAK = YES;
				CLANG_WARN_BLOCK_CAPTURE_AUTORELEASING = YES;
				CLANG_WARN_BOOL_CONVERSION = YES;
				CLANG_WARN_COMMA = YES;
				CLANG_WARN_CONSTANT_CONVERSION = YES;
				CLANG_WARN_DEPRECATED_OBJC_IMPLEMENTATIONS = YES;
				CLANG_WARN_DIRECT_OBJC_ISA_USAGE = YES_ERROR;
				CLANG_WARN_DOCUMENTATION_COMMENTS = YES;
				CLANG_WARN_EMPTY_BODY = YES;
				CLANG_WARN_ENUM_CONVERSION = YES;
				CLANG_WARN_INFINITE_RECURSION = YES;
				CLANG_WARN_INT_CONVERSION = YES;
				CLANG_WARN_NON_LITERAL_NULL_CONVERSION = YES;
				CLANG_WARN_OBJC_IMPLICIT_RETAIN_SELF = YES;
				CLANG_WARN_OBJC_LITERAL_CONVERSION = YES;
				CLANG_WARN_OBJC_ROOT_CLASS = YES_ERROR;
				CLANG_WARN_QUOTED_INCLUDE_IN_FRAMEWORK_HEADER = YES;
				CLANG_WARN_RANGE_LOOP_ANALYSIS = YES;
				CLANG_WARN_STRICT_PROTOTYPES = YES;
				CLANG_WARN_SUSPICIOUS_MOVE = YES;
				CLANG_WARN_UNGUARDED_AVAILABILITY = YES_AGGRESSIVE;
				CLANG_WARN_UNREACHABLE_CODE = YES;
				CLANG_WARN__DUPLICATE_METHOD_MATCH = YES;
				COPY_PHASE_STRIP = NO;
				DEBUG_INFORMATION_FORMAT = "dwarf-with-dsym";
				ENABLE_NS_ASSERTIONS = NO;
				ENABLE_STRICT_OBJC_MSGSEND = YES;
				ENABLE_USER_SCRIPT_SANDBOXING = YES;
				GCC_C_LANGUAGE_STANDARD = gnu17;
				GCC_NO_COMMON_BLOCKS = YES;
				GCC_WARN_64_TO_32_BIT_CONVERSION = YES;
				GCC_WARN_ABOUT_RETURN_TYPE = YES_ERROR;
				GCC_WARN_UNDECLARED_SELECTOR = YES;
				GCC_WARN_UNINITIALIZED_AUTOS = YES_AGGRESSIVE;
				GCC_WARN_UNUSED_FUNCTION = YES;
				GCC_WARN_UNUSED_VARIABLE = YES;
				IPHONEOS_DEPLOYMENT_TARGET = 17.0;
				LOCALIZATION_PREFERS_STRING_CATALOGS = YES;
				MTL_ENABLE_DEBUG_INFO = NO;
				MTL_FAST_MATH = YES;
				SDKROOT = iphoneos;
				SWIFT_COMPILATION_MODE = wholemodule;
				VALIDATE_PRODUCT = YES;
			};
			name = Release;
		};
		45C137792B8A83EB0006C11F /* Debug */ = {
			isa = XCBuildConfiguration;
			buildSettings = {
				ASSETCATALOG_COMPILER_APPICON_NAME = AppIcon;
				ASSETCATALOG_COMPILER_GLOBAL_ACCENT_COLOR_NAME = AccentColor;
				CODE_SIGN_STYLE = Automatic;
				CURRENT_PROJECT_VERSION = 1;
				DEVELOPMENT_ASSET_PATHS = "\"quiz/Preview Content\"";
				DEVELOPMENT_TEAM = 57PCP37963;
				ENABLE_PREVIEWS = YES;
				GENERATE_INFOPLIST_FILE = YES;
				INFOPLIST_KEY_UIApplicationSceneManifest_Generation = YES;
				INFOPLIST_KEY_UIApplicationSupportsIndirectInputEvents = YES;
				INFOPLIST_KEY_UILaunchScreen_Generation = YES;
				INFOPLIST_KEY_UISupportedInterfaceOrientations_iPad = "UIInterfaceOrientationPortrait UIInterfaceOrientationPortraitUpsideDown UIInterfaceOrientationLandscapeLeft UIInterfaceOrientationLandscapeRight";
				INFOPLIST_KEY_UISupportedInterfaceOrientations_iPhone = "UIInterfaceOrientationPortrait UIInterfaceOrientationLandscapeLeft UIInterfaceOrientationLandscapeRight";
				LD_RUNPATH_SEARCH_PATHS = (
					"$(inherited)",
					"@executable_path/Frameworks",
				);
				MARKETING_VERSION = 1.0;
				PRODUCT_BUNDLE_IDENTIFIER = com.kehinde.quiz;
				PRODUCT_NAME = "$(TARGET_NAME)";
				SWIFT_EMIT_LOC_STRINGS = YES;
				SWIFT_VERSION = 5.0;
				TARGETED_DEVICE_FAMILY = "1,2";
			};
			name = Debug;
		};
		45C1377A2B8A83EB0006C11F /* Release */ = {
			isa = XCBuildConfiguration;
			buildSettings = {
				ASSETCATALOG_COMPILER_APPICON_NAME = AppIcon;
				ASSETCATALOG_COMPILER_GLOBAL_ACCENT_COLOR_NAME = AccentColor;
				CODE_SIGN_STYLE = Automatic;
				CURRENT_PROJECT_VERSION = 1;
				DEVELOPMENT_ASSET_PATHS = "\"quiz/Preview Content\"";
				DEVELOPMENT_TEAM = 57PCP37963;
				ENABLE_PREVIEWS = YES;
				GENERATE_INFOPLIST_FILE = YES;
				INFOPLIST_KEY_UIApplicationSceneManifest_Generation = YES;
				INFOPLIST_KEY_UIApplicationSupportsIndirectInputEvents = YES;
				INFOPLIST_KEY_UILaunchScreen_Generation = YES;
				INFOPLIST_KEY_UISupportedInterfaceOrientations_iPad = "UIInterfaceOrientationPortrait UIInterfaceOrientationPortraitUpsideDown UIInterfaceOrientationLandscapeLeft UIInterfaceOrientationLandscapeRight";
				INFOPLIST_KEY_UISupportedInterfaceOrientations_iPhone = "UIInterfaceOrientationPortrait UIInterfaceOrientationLandscapeLeft UIInterfaceOrientationLandscapeRight";
				LD_RUNPATH_SEARCH_PATHS = (
					"$(inherited)",
					"@executable_path/Frameworks",
				);
				MARKETING_VERSION = 1.0;
				PRODUCT_BUNDLE_IDENTIFIER = com.kehinde.quiz;
				PRODUCT_NAME = "$(TARGET_NAME)";
				SWIFT_EMIT_LOC_STRINGS = YES;
				SWIFT_VERSION = 5.0;
				TARGETED_DEVICE_FAMILY = "1,2";
			};
			name = Release;
		};
		45C1377C2B8A83EB0006C11F /* Debug */ = {
			isa = XCBuildConfiguration;
			buildSettings = {
				ALWAYS_EMBED_SWIFT_STANDARD_LIBRARIES = YES;
				BUNDLE_LOADER = "$(TEST_HOST)";
				CODE_SIGN_STYLE = Automatic;
				CURRENT_PROJECT_VERSION = 1;
				DEVELOPMENT_TEAM = 57PCP37963;
				GENERATE_INFOPLIST_FILE = YES;
				IPHONEOS_DEPLOYMENT_TARGET = 17.0;
				MARKETING_VERSION = 1.0;
				PRODUCT_BUNDLE_IDENTIFIER = com.kehinde.quizTests;
				PRODUCT_NAME = "$(TARGET_NAME)";
				SWIFT_EMIT_LOC_STRINGS = NO;
				SWIFT_VERSION = 5.0;
				TARGETED_DEVICE_FAMILY = "1,2";
				TEST_HOST = "$(BUILT_PRODUCTS_DIR)/quiz.app/$(BUNDLE_EXECUTABLE_FOLDER_PATH)/quiz";
			};
			name = Debug;
		};
		45C1377D2B8A83EB0006C11F /* Release */ = {
			isa = XCBuildConfiguration;
			buildSettings = {
				ALWAYS_EMBED_SWIFT_STANDARD_LIBRARIES = YES;
				BUNDLE_LOADER = "$(TEST_HOST)";
				CODE_SIGN_STYLE = Automatic;
				CURRENT_PROJECT_VERSION = 1;
				DEVELOPMENT_TEAM = 57PCP37963;
				GENERATE_INFOPLIST_FILE = YES;
				IPHONEOS_DEPLOYMENT_TARGET = 17.0;
				MARKETING_VERSION = 1.0;
				PRODUCT_BUNDLE_IDENTIFIER = com.kehinde.quizTests;
				PRODUCT_NAME = "$(TARGET_NAME)";
				SWIFT_EMIT_LOC_STRINGS = NO;
				SWIFT_VERSION = 5.0;
				TARGETED_DEVICE_FAMILY = "1,2";
				TEST_HOST = "$(BUILT_PRODUCTS_DIR)/quiz.app/$(BUNDLE_EXECUTABLE_FOLDER_PATH)/quiz";
			};
			name = Release;
		};
		45C1377F2B8A83EB0006C11F /* Debug */ = {
			isa = XCBuildConfiguration;
			buildSettings = {
				ALWAYS_EMBED_SWIFT_STANDARD_LIBRARIES = YES;
				CODE_SIGN_STYLE = Automatic;
				CURRENT_PROJECT_VERSION = 1;
				DEVELOPMENT_TEAM = 57PCP37963;
				GENERATE_INFOPLIST_FILE = YES;
				MARKETING_VERSION = 1.0;
				PRODUCT_BUNDLE_IDENTIFIER = com.kehinde.quizUITests;
				PRODUCT_NAME = "$(TARGET_NAME)";
				SWIFT_EMIT_LOC_STRINGS = NO;
				SWIFT_VERSION = 5.0;
				TARGETED_DEVICE_FAMILY = "1,2";
				TEST_TARGET_NAME = quiz;
			};
			name = Debug;
		};
		45C137802B8A83EB0006C11F /* Release */ = {
			isa = XCBuildConfiguration;
			buildSettings = {
				ALWAYS_EMBED_SWIFT_STANDARD_LIBRARIES = YES;
				CODE_SIGN_STYLE = Automatic;
				CURRENT_PROJECT_VERSION = 1;
				DEVELOPMENT_TEAM = 57PCP37963;
				GENERATE_INFOPLIST_FILE = YES;
				MARKETING_VERSION = 1.0;
				PRODUCT_BUNDLE_IDENTIFIER = com.kehinde.quizUITests;
				PRODUCT_NAME = "$(TARGET_NAME)";
				SWIFT_EMIT_LOC_STRINGS = NO;
				SWIFT_VERSION = 5.0;
				TARGETED_DEVICE_FAMILY = "1,2";
				TEST_TARGET_NAME = quiz;
			};
			name = Release;
		};
/* End XCBuildConfiguration section */

/* Begin XCConfigurationList section */
		45C1374F2B8A83EA0006C11F /* Build configuration list for PBXProject "quiz" */ = {
			isa = XCConfigurationList;
			buildConfigurations = (
				45C137762B8A83EB0006C11F /* Debug */,
				45C137772B8A83EB0006C11F /* Release */,
			);
			defaultConfigurationIsVisible = 0;
			defaultConfigurationName = Release;
		};
		45C137782B8A83EB0006C11F /* Build configuration list for PBXNativeTarget "quiz" */ = {
			isa = XCConfigurationList;
			buildConfigurations = (
				45C137792B8A83EB0006C11F /* Debug */,
				45C1377A2B8A83EB0006C11F /* Release */,
			);
			defaultConfigurationIsVisible = 0;
			defaultConfigurationName = Release;
		};
		45C1377B2B8A83EB0006C11F /* Build configuration list for PBXNativeTarget "quizTests" */ = {
			isa = XCConfigurationList;
			buildConfigurations = (
				45C1377C2B8A83EB0006C11F /* Debug */,
				45C1377D2B8A83EB0006C11F /* Release */,
			);
			defaultConfigurationIsVisible = 0;
			defaultConfigurationName = Release;
		};
		45C1377E2B8A83EB0006C11F /* Build configuration list for PBXNativeTarget "quizUITests" */ = {
			isa = XCConfigurationList;
			buildConfigurations = (
				45C1377F2B8A83EB0006C11F /* Debug */,
				45C137802B8A83EB0006C11F /* Release */,
			);
			defaultConfigurationIsVisible = 0;
			defaultConfigurationName = Release;
		};
/* End XCConfigurationList section */
	};
	rootObject = 45C1374C2B8A83EA0006C11F /* Project object */;
}
